// !$*UTF8*$!
{
	archiveVersion = 1;
	classes = {
	};
	objectVersion = 55;
	objects = {

/* Begin PBXBuildFile section */
		D2901F8028A589EE0051BC3C /* Viagem.swift in Sources */ = {isa = PBXBuildFile; fileRef = D2901F7E28A589EE0051BC3C /* Viagem.swift */; };
		D2901F8128A589EE0051BC3C /* Dados.swift in Sources */ = {isa = PBXBuildFile; fileRef = D2901F7F28A589EE0051BC3C /* Dados.swift */; };
		D2901F8328A589F60051BC3C /* viagens.json in Resources */ = {isa = PBXBuildFile; fileRef = D2901F8228A589F60051BC3C /* viagens.json */; };
		D295B156289A5B4800C9EF76 /* example_swiftuiApp.swift in Sources */ = {isa = PBXBuildFile; fileRef = D295B155289A5B4800C9EF76 /* example_swiftuiApp.swift */; };
		D295B158289A5B4800C9EF76 /* ContentView.swift in Sources */ = {isa = PBXBuildFile; fileRef = D295B157289A5B4800C9EF76 /* ContentView.swift */; };
		D295B15A289A5B4900C9EF76 /* Assets.xcassets in Resources */ = {isa = PBXBuildFile; fileRef = D295B159289A5B4900C9EF76 /* Assets.xcassets */; };
		D295B15D289A5B4900C9EF76 /* Preview Assets.xcassets in Resources */ = {isa = PBXBuildFile; fileRef = D295B15C289A5B4900C9EF76 /* Preview Assets.xcassets */; };
		D295B167289A5B4900C9EF76 /* example_swiftuiTests.swift in Sources */ = {isa = PBXBuildFile; fileRef = D295B166289A5B4900C9EF76 /* example_swiftuiTests.swift */; };
		D295B171289A5B4900C9EF76 /* example_swiftuiUITests.swift in Sources */ = {isa = PBXBuildFile; fileRef = D295B170289A5B4900C9EF76 /* example_swiftuiUITests.swift */; };
		D295B173289A5B4900C9EF76 /* example_swiftuiUITestsLaunchTests.swift in Sources */ = {isa = PBXBuildFile; fileRef = D295B172289A5B4900C9EF76 /* example_swiftuiUITestsLaunchTests.swift */; };
/* End PBXBuildFile section */

/* Begin PBXContainerItemProxy section */
		D295B163289A5B4900C9EF76 /* PBXContainerItemProxy */ = {
			isa = PBXContainerItemProxy;
			containerPortal = D295B14A289A5B4800C9EF76 /* Project object */;
			proxyType = 1;
			remoteGlobalIDString = D295B151289A5B4800C9EF76;
			remoteInfo = "example-swiftui";
		};
		D295B16D289A5B4900C9EF76 /* PBXContainerItemProxy */ = {
			isa = PBXContainerItemProxy;
			containerPortal = D295B14A289A5B4800C9EF76 /* Project object */;
			proxyType = 1;
			remoteGlobalIDString = D295B151289A5B4800C9EF76;
			remoteInfo = "example-swiftui";
		};
/* End PBXContainerItemProxy section */

/* Begin PBXFileReference section */
		D2901F7E28A589EE0051BC3C /* Viagem.swift */ = {isa = PBXFileReference; fileEncoding = 4; lastKnownFileType = sourcecode.swift; name = Viagem.swift; path = ../../../../../Downloads/Resources/Models/Viagem.swift; sourceTree = "<group>"; };
		D2901F7F28A589EE0051BC3C /* Dados.swift */ = {isa = PBXFileReference; fileEncoding = 4; lastKnownFileType = sourcecode.swift; name = Dados.swift; path = ../../../../../Downloads/Resources/Models/Dados.swift; sourceTree = "<group>"; };
		D2901F8228A589F60051BC3C /* viagens.json */ = {isa = PBXFileReference; fileEncoding = 4; lastKnownFileType = text.json; name = viagens.json; path = ../../../../Downloads/Resources/viagens.json; sourceTree = "<group>"; };
		D295B152289A5B4800C9EF76 /* example-swiftui.app */ = {isa = PBXFileReference; explicitFileType = wrapper.application; includeInIndex = 0; path = "example-swiftui.app"; sourceTree = BUILT_PRODUCTS_DIR; };
		D295B155289A5B4800C9EF76 /* example_swiftuiApp.swift */ = {isa = PBXFileReference; lastKnownFileType = sourcecode.swift; path = example_swiftuiApp.swift; sourceTree = "<group>"; };
		D295B157289A5B4800C9EF76 /* ContentView.swift */ = {isa = PBXFileReference; lastKnownFileType = sourcecode.swift; path = ContentView.swift; sourceTree = "<group>"; };
		D295B159289A5B4900C9EF76 /* Assets.xcassets */ = {isa = PBXFileReference; lastKnownFileType = folder.assetcatalog; path = Assets.xcassets; sourceTree = "<group>"; };
		D295B15C289A5B4900C9EF76 /* Preview Assets.xcassets */ = {isa = PBXFileReference; lastKnownFileType = folder.assetcatalog; path = "Preview Assets.xcassets"; sourceTree = "<group>"; };
		D295B162289A5B4900C9EF76 /* example-swiftuiTests.xctest */ = {isa = PBXFileReference; explicitFileType = wrapper.cfbundle; includeInIndex = 0; path = "example-swiftuiTests.xctest"; sourceTree = BUILT_PRODUCTS_DIR; };
		D295B166289A5B4900C9EF76 /* example_swiftuiTests.swift */ = {isa = PBXFileReference; lastKnownFileType = sourcecode.swift; path = example_swiftuiTests.swift; sourceTree = "<group>"; };
		D295B16C289A5B4900C9EF76 /* example-swiftuiUITests.xctest */ = {isa = PBXFileReference; explicitFileType = wrapper.cfbundle; includeInIndex = 0; path = "example-swiftuiUITests.xctest"; sourceTree = BUILT_PRODUCTS_DIR; };
		D295B170289A5B4900C9EF76 /* example_swiftuiUITests.swift */ = {isa = PBXFileReference; lastKnownFileType = sourcecode.swift; path = example_swiftuiUITests.swift; sourceTree = "<group>"; };
		D295B172289A5B4900C9EF76 /* example_swiftuiUITestsLaunchTests.swift */ = {isa = PBXFileReference; lastKnownFileType = sourcecode.swift; path = example_swiftuiUITestsLaunchTests.swift; sourceTree = "<group>"; };
/* End PBXFileReference section */

/* Begin PBXFrameworksBuildPhase section */
		D295B14F289A5B4800C9EF76 /* Frameworks */ = {
			isa = PBXFrameworksBuildPhase;
			buildActionMask = 2147483647;
			files = (
			);
			runOnlyForDeploymentPostprocessing = 0;
		};
		D295B15F289A5B4900C9EF76 /* Frameworks */ = {
			isa = PBXFrameworksBuildPhase;
			buildActionMask = 2147483647;
			files = (
			);
			runOnlyForDeploymentPostprocessing = 0;
		};
		D295B169289A5B4900C9EF76 /* Frameworks */ = {
			isa = PBXFrameworksBuildPhase;
			buildActionMask = 2147483647;
			files = (
			);
			runOnlyForDeploymentPostprocessing = 0;
		};
/* End PBXFrameworksBuildPhase section */

/* Begin PBXGroup section */
		D2901F7D28A5892A0051BC3C /* Models */ = {
			isa = PBXGroup;
			children = (
				D2901F7F28A589EE0051BC3C /* Dados.swift */,
				D2901F7E28A589EE0051BC3C /* Viagem.swift */,
			);
			path = Models;
			sourceTree = "<group>";
		};
		D295B149289A5B4800C9EF76 = {
			isa = PBXGroup;
			children = (
				D295B154289A5B4800C9EF76 /* example-swiftui */,
				D295B165289A5B4900C9EF76 /* example-swiftuiTests */,
				D295B16F289A5B4900C9EF76 /* example-swiftuiUITests */,
				D295B153289A5B4800C9EF76 /* Products */,
			);
			sourceTree = "<group>";
		};
		D295B153289A5B4800C9EF76 /* Products */ = {
			isa = PBXGroup;
			children = (
				D295B152289A5B4800C9EF76 /* example-swiftui.app */,
				D295B162289A5B4900C9EF76 /* example-swiftuiTests.xctest */,
				D295B16C289A5B4900C9EF76 /* example-swiftuiUITests.xctest */,
			);
			name = Products;
			sourceTree = "<group>";
		};
		D295B154289A5B4800C9EF76 /* example-swiftui */ = {
			isa = PBXGroup;
			children = (
				D2901F8228A589F60051BC3C /* viagens.json */,
				D2901F7D28A5892A0051BC3C /* Models */,
				D295B155289A5B4800C9EF76 /* example_swiftuiApp.swift */,
				D295B157289A5B4800C9EF76 /* ContentView.swift */,
				D295B159289A5B4900C9EF76 /* Assets.xcassets */,
				D295B15B289A5B4900C9EF76 /* Preview Content */,
			);
			path = "example-swiftui";
			sourceTree = "<group>";
		};
		D295B15B289A5B4900C9EF76 /* Preview Content */ = {
			isa = PBXGroup;
			children = (
				D295B15C289A5B4900C9EF76 /* Preview Assets.xcassets */,
			);
			path = "Preview Content";
			sourceTree = "<group>";
		};
		D295B165289A5B4900C9EF76 /* example-swiftuiTests */ = {
			isa = PBXGroup;
			children = (
				D295B166289A5B4900C9EF76 /* example_swiftuiTests.swift */,
			);
			path = "example-swiftuiTests";
			sourceTree = "<group>";
		};
		D295B16F289A5B4900C9EF76 /* example-swiftuiUITests */ = {
			isa = PBXGroup;
			children = (
				D295B170289A5B4900C9EF76 /* example_swiftuiUITests.swift */,
				D295B172289A5B4900C9EF76 /* example_swiftuiUITestsLaunchTests.swift */,
			);
			path = "example-swiftuiUITests";
			sourceTree = "<group>";
		};
/* End PBXGroup section */

/* Begin PBXNativeTarget section */
		D295B151289A5B4800C9EF76 /* example-swiftui */ = {
			isa = PBXNativeTarget;
			buildConfigurationList = D295B176289A5B4900C9EF76 /* Build configuration list for PBXNativeTarget "example-swiftui" */;
			buildPhases = (
				D295B14E289A5B4800C9EF76 /* Sources */,
				D295B14F289A5B4800C9EF76 /* Frameworks */,
				D295B150289A5B4800C9EF76 /* Resources */,
			);
			buildRules = (
			);
			dependencies = (
			);
			name = "example-swiftui";
			productName = "example-swiftui";
			productReference = D295B152289A5B4800C9EF76 /* example-swiftui.app */;
			productType = "com.apple.product-type.application";
		};
		D295B161289A5B4900C9EF76 /* example-swiftuiTests */ = {
			isa = PBXNativeTarget;
			buildConfigurationList = D295B179289A5B4900C9EF76 /* Build configuration list for PBXNativeTarget "example-swiftuiTests" */;
			buildPhases = (
				D295B15E289A5B4900C9EF76 /* Sources */,
				D295B15F289A5B4900C9EF76 /* Frameworks */,
				D295B160289A5B4900C9EF76 /* Resources */,
			);
			buildRules = (
			);
			dependencies = (
				D295B164289A5B4900C9EF76 /* PBXTargetDependency */,
			);
			name = "example-swiftuiTests";
			productName = "example-swiftuiTests";
			productReference = D295B162289A5B4900C9EF76 /* example-swiftuiTests.xctest */;
			productType = "com.apple.product-type.bundle.unit-test";
		};
		D295B16B289A5B4900C9EF76 /* example-swiftuiUITests */ = {
			isa = PBXNativeTarget;
			buildConfigurationList = D295B17C289A5B4900C9EF76 /* Build configuration list for PBXNativeTarget "example-swiftuiUITests" */;
			buildPhases = (
				D295B168289A5B4900C9EF76 /* Sources */,
				D295B169289A5B4900C9EF76 /* Frameworks */,
				D295B16A289A5B4900C9EF76 /* Resources */,
			);
			buildRules = (
			);
			dependencies = (
				D295B16E289A5B4900C9EF76 /* PBXTargetDependency */,
			);
			name = "example-swiftuiUITests";
			productName = "example-swiftuiUITests";
			productReference = D295B16C289A5B4900C9EF76 /* example-swiftuiUITests.xctest */;
			productType = "com.apple.product-type.bundle.ui-testing";
		};
/* End PBXNativeTarget section */

/* Begin PBXProject section */
		D295B14A289A5B4800C9EF76 /* Project object */ = {
			isa = PBXProject;
			attributes = {
				BuildIndependentTargetsInParallel = 1;
				LastSwiftUpdateCheck = 1340;
				LastUpgradeCheck = 1340;
				TargetAttributes = {
					D295B151289A5B4800C9EF76 = {
						CreatedOnToolsVersion = 13.4.1;
					};
					D295B161289A5B4900C9EF76 = {
						CreatedOnToolsVersion = 13.4.1;
						TestTargetID = D295B151289A5B4800C9EF76;
					};
					D295B16B289A5B4900C9EF76 = {
						CreatedOnToolsVersion = 13.4.1;
						TestTargetID = D295B151289A5B4800C9EF76;
					};
				};
			};
			buildConfigurationList = D295B14D289A5B4800C9EF76 /* Build configuration list for PBXProject "example-swiftui" */;
			compatibilityVersion = "Xcode 13.0";
			developmentRegion = en;
			hasScannedForEncodings = 0;
			knownRegions = (
				en,
				Base,
			);
			mainGroup = D295B149289A5B4800C9EF76;
			productRefGroup = D295B153289A5B4800C9EF76 /* Products */;
			projectDirPath = "";
			projectRoot = "";
			targets = (
				D295B151289A5B4800C9EF76 /* example-swiftui */,
				D295B161289A5B4900C9EF76 /* example-swiftuiTests */,
				D295B16B289A5B4900C9EF76 /* example-swiftuiUITests */,
			);
		};
/* End PBXProject section */

/* Begin PBXResourcesBuildPhase section */
		D295B150289A5B4800C9EF76 /* Resources */ = {
			isa = PBXResourcesBuildPhase;
			buildActionMask = 2147483647;
			files = (
				D295B15D289A5B4900C9EF76 /* Preview Assets.xcassets in Resources */,
				D295B15A289A5B4900C9EF76 /* Assets.xcassets in Resources */,
				D2901F8328A589F60051BC3C /* viagens.json in Resources */,
			);
			runOnlyForDeploymentPostprocessing = 0;
		};
		D295B160289A5B4900C9EF76 /* Resources */ = {
			isa = PBXResourcesBuildPhase;
			buildActionMask = 2147483647;
			files = (
			);
			runOnlyForDeploymentPostprocessing = 0;
		};
		D295B16A289A5B4900C9EF76 /* Resources */ = {
			isa = PBXResourcesBuildPhase;
			buildActionMask = 2147483647;
			files = (
			);
			runOnlyForDeploymentPostprocessing = 0;
		};
/* End PBXResourcesBuildPhase section */

/* Begin PBXSourcesBuildPhase section */
		D295B14E289A5B4800C9EF76 /* Sources */ = {
			isa = PBXSourcesBuildPhase;
			buildActionMask = 2147483647;
			files = (
				D295B158289A5B4800C9EF76 /* ContentView.swift in Sources */,
				D2901F8128A589EE0051BC3C /* Dados.swift in Sources */,
				D2901F8028A589EE0051BC3C /* Viagem.swift in Sources */,
				D295B156289A5B4800C9EF76 /* example_swiftuiApp.swift in Sources */,
			);
			runOnlyForDeploymentPostprocessing = 0;
		};
		D295B15E289A5B4900C9EF76 /* Sources */ = {
			isa = PBXSourcesBuildPhase;
			buildActionMask = 2147483647;
			files = (
				D295B167289A5B4900C9EF76 /* example_swiftuiTests.swift in Sources */,
			);
			runOnlyForDeploymentPostprocessing = 0;
		};
		D295B168289A5B4900C9EF76 /* Sources */ = {
			isa = PBXSourcesBuildPhase;
			buildActionMask = 2147483647;
			files = (
				D295B171289A5B4900C9EF76 /* example_swiftuiUITests.swift in Sources */,
				D295B173289A5B4900C9EF76 /* example_swiftuiUITestsLaunchTests.swift in Sources */,
			);
			runOnlyForDeploymentPostprocessing = 0;
		};
/* End PBXSourcesBuildPhase section */

/* Begin PBXTargetDependency section */
		D295B164289A5B4900C9EF76 /* PBXTargetDependency */ = {
			isa = PBXTargetDependency;
			target = D295B151289A5B4800C9EF76 /* example-swiftui */;
			targetProxy = D295B163289A5B4900C9EF76 /* PBXContainerItemProxy */;
		};
		D295B16E289A5B4900C9EF76 /* PBXTargetDependency */ = {
			isa = PBXTargetDependency;
			target = D295B151289A5B4800C9EF76 /* example-swiftui */;
			targetProxy = D295B16D289A5B4900C9EF76 /* PBXContainerItemProxy */;
		};
/* End PBXTargetDependency section */

/* Begin XCBuildConfiguration section */
		D295B174289A5B4900C9EF76 /* Debug */ = {
			isa = XCBuildConfiguration;
			buildSettings = {
				ALWAYS_SEARCH_USER_PATHS = NO;
				CLANG_ANALYZER_NONNULL = YES;
				CLANG_ANALYZER_NUMBER_OBJECT_CONVERSION = YES_AGGRESSIVE;
				CLANG_CXX_LANGUAGE_STANDARD = "gnu++17";
				CLANG_ENABLE_MODULES = YES;
				CLANG_ENABLE_OBJC_ARC = YES;
				CLANG_ENABLE_OBJC_WEAK = YES;
				CLANG_WARN_BLOCK_CAPTURE_AUTORELEASING = YES;
				CLANG_WARN_BOOL_CONVERSION = YES;
				CLANG_WARN_COMMA = YES;
				CLANG_WARN_CONSTANT_CONVERSION = YES;
				CLANG_WARN_DEPRECATED_OBJC_IMPLEMENTATIONS = YES;
				CLANG_WARN_DIRECT_OBJC_ISA_USAGE = YES_ERROR;
				CLANG_WARN_DOCUMENTATION_COMMENTS = YES;
				CLANG_WARN_EMPTY_BODY = YES;
				CLANG_WARN_ENUM_CONVERSION = YES;
				CLANG_WARN_INFINITE_RECURSION = YES;
				CLANG_WARN_INT_CONVERSION = YES;
				CLANG_WARN_NON_LITERAL_NULL_CONVERSION = YES;
				CLANG_WARN_OBJC_IMPLICIT_RETAIN_SELF = YES;
				CLANG_WARN_OBJC_LITERAL_CONVERSION = YES;
				CLANG_WARN_OBJC_ROOT_CLASS = YES_ERROR;
				CLANG_WARN_QUOTED_INCLUDE_IN_FRAMEWORK_HEADER = YES;
				CLANG_WARN_RANGE_LOOP_ANALYSIS = YES;
				CLANG_WARN_STRICT_PROTOTYPES = YES;
				CLANG_WARN_SUSPICIOUS_MOVE = YES;
				CLANG_WARN_UNGUARDED_AVAILABILITY = YES_AGGRESSIVE;
				CLANG_WARN_UNREACHABLE_CODE = YES;
				CLANG_WARN__DUPLICATE_METHOD_MATCH = YES;
				COPY_PHASE_STRIP = NO;
				DEBUG_INFORMATION_FORMAT = dwarf;
				ENABLE_STRICT_OBJC_MSGSEND = YES;
				ENABLE_TESTABILITY = YES;
				GCC_C_LANGUAGE_STANDARD = gnu11;
				GCC_DYNAMIC_NO_PIC = NO;
				GCC_NO_COMMON_BLOCKS = YES;
				GCC_OPTIMIZATION_LEVEL = 0;
				GCC_PREPROCESSOR_DEFINITIONS = (
					"DEBUG=1",
					"$(inherited)",
				);
				GCC_WARN_64_TO_32_BIT_CONVERSION = YES;
				GCC_WARN_ABOUT_RETURN_TYPE = YES_ERROR;
				GCC_WARN_UNDECLARED_SELECTOR = YES;
				GCC_WARN_UNINITIALIZED_AUTOS = YES_AGGRESSIVE;
				GCC_WARN_UNUSED_FUNCTION = YES;
				GCC_WARN_UNUSED_VARIABLE = YES;
				IPHONEOS_DEPLOYMENT_TARGET = 15.5;
				MTL_ENABLE_DEBUG_INFO = INCLUDE_SOURCE;
				MTL_FAST_MATH = YES;
				ONLY_ACTIVE_ARCH = YES;
				SDKROOT = iphoneos;
				SWIFT_ACTIVE_COMPILATION_CONDITIONS = DEBUG;
				SWIFT_OPTIMIZATION_LEVEL = "-Onone";
			};
			name = Debug;
		};
		D295B175289A5B4900C9EF76 /* Release */ = {
			isa = XCBuildConfiguration;
			buildSettings = {
				ALWAYS_SEARCH_USER_PATHS = NO;
				CLANG_ANALYZER_NONNULL = YES;
				CLANG_ANALYZER_NUMBER_OBJECT_CONVERSION = YES_AGGRESSIVE;
				CLANG_CXX_LANGUAGE_STANDARD = "gnu++17";
				CLANG_ENABLE_MODULES = YES;
				CLANG_ENABLE_OBJC_ARC = YES;
				CLANG_ENABLE_OBJC_WEAK = YES;
				CLANG_WARN_BLOCK_CAPTURE_AUTORELEASING = YES;
				CLANG_WARN_BOOL_CONVERSION = YES;
				CLANG_WARN_COMMA = YES;
				CLANG_WARN_CONSTANT_CONVERSION = YES;
				CLANG_WARN_DEPRECATED_OBJC_IMPLEMENTATIONS = YES;
				CLANG_WARN_DIRECT_OBJC_ISA_USAGE = YES_ERROR;
				CLANG_WARN_DOCUMENTATION_COMMENTS = YES;
				CLANG_WARN_EMPTY_BODY = YES;
				CLANG_WARN_ENUM_CONVERSION = YES;
				CLANG_WARN_INFINITE_RECURSION = YES;
				CLANG_WARN_INT_CONVERSION = YES;
				CLANG_WARN_NON_LITERAL_NULL_CONVERSION = YES;
				CLANG_WARN_OBJC_IMPLICIT_RETAIN_SELF = YES;
				CLANG_WARN_OBJC_LITERAL_CONVERSION = YES;
				CLANG_WARN_OBJC_ROOT_CLASS = YES_ERROR;
				CLANG_WARN_QUOTED_INCLUDE_IN_FRAMEWORK_HEADER = YES;
				CLANG_WARN_RANGE_LOOP_ANALYSIS = YES;
				CLANG_WARN_STRICT_PROTOTYPES = YES;
				CLANG_WARN_SUSPICIOUS_MOVE = YES;
				CLANG_WARN_UNGUARDED_AVAILABILITY = YES_AGGRESSIVE;
				CLANG_WARN_UNREACHABLE_CODE = YES;
				CLANG_WARN__DUPLICATE_METHOD_MATCH = YES;
				COPY_PHASE_STRIP = NO;
				DEBUG_INFORMATION_FORMAT = "dwarf-with-dsym";
				ENABLE_NS_ASSERTIONS = NO;
				ENABLE_STRICT_OBJC_MSGSEND = YES;
				GCC_C_LANGUAGE_STANDARD = gnu11;
				GCC_NO_COMMON_BLOCKS = YES;
				GCC_WARN_64_TO_32_BIT_CONVERSION = YES;
				GCC_WARN_ABOUT_RETURN_TYPE = YES_ERROR;
				GCC_WARN_UNDECLARED_SELECTOR = YES;
				GCC_WARN_UNINITIALIZED_AUTOS = YES_AGGRESSIVE;
				GCC_WARN_UNUSED_FUNCTION = YES;
				GCC_WARN_UNUSED_VARIABLE = YES;
				IPHONEOS_DEPLOYMENT_TARGET = 15.5;
				MTL_ENABLE_DEBUG_INFO = NO;
				MTL_FAST_MATH = YES;
				SDKROOT = iphoneos;
				SWIFT_COMPILATION_MODE = wholemodule;
				SWIFT_OPTIMIZATION_LEVEL = "-O";
				VALIDATE_PRODUCT = YES;
			};
			name = Release;
		};
		D295B177289A5B4900C9EF76 /* Debug */ = {
			isa = XCBuildConfiguration;
			buildSettings = {
				ASSETCATALOG_COMPILER_APPICON_NAME = AppIcon;
				ASSETCATALOG_COMPILER_GLOBAL_ACCENT_COLOR_NAME = AccentColor;
				CODE_SIGN_STYLE = Automatic;
				CURRENT_PROJECT_VERSION = 1;
				DEVELOPMENT_ASSET_PATHS = "\"example-swiftui/Preview Content\"";
				DEVELOPMENT_TEAM = FFSK8595GW;
				ENABLE_PREVIEWS = YES;
				GENERATE_INFOPLIST_FILE = YES;
				INFOPLIST_KEY_UIApplicationSceneManifest_Generation = YES;
				INFOPLIST_KEY_UIApplicationSupportsIndirectInputEvents = YES;
				INFOPLIST_KEY_UILaunchScreen_Generation = YES;
				INFOPLIST_KEY_UISupportedInterfaceOrientations_iPad = "UIInterfaceOrientationPortrait UIInterfaceOrientationPortraitUpsideDown UIInterfaceOrientationLandscapeLeft UIInterfaceOrientationLandscapeRight";
				INFOPLIST_KEY_UISupportedInterfaceOrientations_iPhone = "UIInterfaceOrientationPortrait UIInterfaceOrientationLandscapeLeft UIInterfaceOrientationLandscapeRight";
				LD_RUNPATH_SEARCH_PATHS = (
					"$(inherited)",
					"@executable_path/Frameworks",
				);
				MARKETING_VERSION = 1.0;
				PRODUCT_BUNDLE_IDENTIFIER = "br.com.rodrigoamora.example-swiftui";
				PRODUCT_NAME = "$(TARGET_NAME)";
				SWIFT_EMIT_LOC_STRINGS = YES;
				SWIFT_VERSION = 5.0;
				TARGETED_DEVICE_FAMILY = "1,2";
			};
			name = Debug;
		};
		D295B178289A5B4900C9EF76 /* Release */ = {
			isa = XCBuildConfiguration;
			buildSettings = {
				ASSETCATALOG_COMPILER_APPICON_NAME = AppIcon;
				ASSETCATALOG_COMPILER_GLOBAL_ACCENT_COLOR_NAME = AccentColor;
				CODE_SIGN_STYLE = Automatic;
				CURRENT_PROJECT_VERSION = 1;
				DEVELOPMENT_ASSET_PATHS = "\"example-swiftui/Preview Content\"";
				DEVELOPMENT_TEAM = FFSK8595GW;
				ENABLE_PREVIEWS = YES;
				GENERATE_INFOPLIST_FILE = YES;
				INFOPLIST_KEY_UIApplicationSceneManifest_Generation = YES;
				INFOPLIST_KEY_UIApplicationSupportsIndirectInputEvents = YES;
				INFOPLIST_KEY_UILaunchScreen_Generation = YES;
				INFOPLIST_KEY_UISupportedInterfaceOrientations_iPad = "UIInterfaceOrientationPortrait UIInterfaceOrientationPortraitUpsideDown UIInterfaceOrientationLandscapeLeft UIInterfaceOrientationLandscapeRight";
				INFOPLIST_KEY_UISupportedInterfaceOrientations_iPhone = "UIInterfaceOrientationPortrait UIInterfaceOrientationLandscapeLeft UIInterfaceOrientationLandscapeRight";
				LD_RUNPATH_SEARCH_PATHS = (
					"$(inherited)",
					"@executable_path/Frameworks",
				);
				MARKETING_VERSION = 1.0;
				PRODUCT_BUNDLE_IDENTIFIER = "br.com.rodrigoamora.example-swiftui";
				PRODUCT_NAME = "$(TARGET_NAME)";
				SWIFT_EMIT_LOC_STRINGS = YES;
				SWIFT_VERSION = 5.0;
				TARGETED_DEVICE_FAMILY = "1,2";
			};
			name = Release;
		};
		D295B17A289A5B4900C9EF76 /* Debug */ = {
			isa = XCBuildConfiguration;
			buildSettings = {
				ALWAYS_EMBED_SWIFT_STANDARD_LIBRARIES = YES;
				BUNDLE_LOADER = "$(TEST_HOST)";
				CODE_SIGN_STYLE = Automatic;
				CURRENT_PROJECT_VERSION = 1;
				DEVELOPMENT_TEAM = FFSK8595GW;
				GENERATE_INFOPLIST_FILE = YES;
				IPHONEOS_DEPLOYMENT_TARGET = 15.5;
				MARKETING_VERSION = 1.0;
				PRODUCT_BUNDLE_IDENTIFIER = "br.com.rodrigoamora.example-swiftuiTests";
				PRODUCT_NAME = "$(TARGET_NAME)";
				SWIFT_EMIT_LOC_STRINGS = NO;
				SWIFT_VERSION = 5.0;
				TARGETED_DEVICE_FAMILY = "1,2";
				TEST_HOST = "$(BUILT_PRODUCTS_DIR)/example-swiftui.app/example-swiftui";
			};
			name = Debug;
		};
		D295B17B289A5B4900C9EF76 /* Release */ = {
			isa = XCBuildConfiguration;
			buildSettings = {
				ALWAYS_EMBED_SWIFT_STANDARD_LIBRARIES = YES;
				BUNDLE_LOADER = "$(TEST_HOST)";
				CODE_SIGN_STYLE = Automatic;
				CURRENT_PROJECT_VERSION = 1;
				DEVELOPMENT_TEAM = FFSK8595GW;
				GENERATE_INFOPLIST_FILE = YES;
				IPHONEOS_DEPLOYMENT_TARGET = 15.5;
				MARKETING_VERSION = 1.0;
				PRODUCT_BUNDLE_IDENTIFIER = "br.com.rodrigoamora.example-swiftuiTests";
				PRODUCT_NAME = "$(TARGET_NAME)";
				SWIFT_EMIT_LOC_STRINGS = NO;
				SWIFT_VERSION = 5.0;
				TARGETED_DEVICE_FAMILY = "1,2";
				TEST_HOST = "$(BUILT_PRODUCTS_DIR)/example-swiftui.app/example-swiftui";
			};
			name = Release;
		};
		D295B17D289A5B4900C9EF76 /* Debug */ = {
			isa = XCBuildConfiguration;
			buildSettings = {
				ALWAYS_EMBED_SWIFT_STANDARD_LIBRARIES = YES;
				CODE_SIGN_STYLE = Automatic;
				CURRENT_PROJECT_VERSION = 1;
				DEVELOPMENT_TEAM = FFSK8595GW;
				GENERATE_INFOPLIST_FILE = YES;
				MARKETING_VERSION = 1.0;
				PRODUCT_BUNDLE_IDENTIFIER = "br.com.rodrigoamora.example-swiftuiUITests";
				PRODUCT_NAME = "$(TARGET_NAME)";
				SWIFT_EMIT_LOC_STRINGS = NO;
				SWIFT_VERSION = 5.0;
				TARGETED_DEVICE_FAMILY = "1,2";
				TEST_TARGET_NAME = "example-swiftui";
			};
			name = Debug;
		};
		D295B17E289A5B4900C9EF76 /* Release */ = {
			isa = XCBuildConfiguration;
			buildSettings = {
				ALWAYS_EMBED_SWIFT_STANDARD_LIBRARIES = YES;
				CODE_SIGN_STYLE = Automatic;
				CURRENT_PROJECT_VERSION = 1;
				DEVELOPMENT_TEAM = FFSK8595GW;
				GENERATE_INFOPLIST_FILE = YES;
				MARKETING_VERSION = 1.0;
				PRODUCT_BUNDLE_IDENTIFIER = "br.com.rodrigoamora.example-swiftuiUITests";
				PRODUCT_NAME = "$(TARGET_NAME)";
				SWIFT_EMIT_LOC_STRINGS = NO;
				SWIFT_VERSION = 5.0;
				TARGETED_DEVICE_FAMILY = "1,2";
				TEST_TARGET_NAME = "example-swiftui";
			};
			name = Release;
		};
/* End XCBuildConfiguration section */

/* Begin XCConfigurationList section */
		D295B14D289A5B4800C9EF76 /* Build configuration list for PBXProject "example-swiftui" */ = {
			isa = XCConfigurationList;
			buildConfigurations = (
				D295B174289A5B4900C9EF76 /* Debug */,
				D295B175289A5B4900C9EF76 /* Release */,
			);
			defaultConfigurationIsVisible = 0;
			defaultConfigurationName = Release;
		};
		D295B176289A5B4900C9EF76 /* Build configuration list for PBXNativeTarget "example-swiftui" */ = {
			isa = XCConfigurationList;
			buildConfigurations = (
				D295B177289A5B4900C9EF76 /* Debug */,
				D295B178289A5B4900C9EF76 /* Release */,
			);
			defaultConfigurationIsVisible = 0;
			defaultConfigurationName = Release;
		};
		D295B179289A5B4900C9EF76 /* Build configuration list for PBXNativeTarget "example-swiftuiTests" */ = {
			isa = XCConfigurationList;
			buildConfigurations = (
				D295B17A289A5B4900C9EF76 /* Debug */,
				D295B17B289A5B4900C9EF76 /* Release */,
			);
			defaultConfigurationIsVisible = 0;
			defaultConfigurationName = Release;
		};
		D295B17C289A5B4900C9EF76 /* Build configuration list for PBXNativeTarget "example-swiftuiUITests" */ = {
			isa = XCConfigurationList;
			buildConfigurations = (
				D295B17D289A5B4900C9EF76 /* Debug */,
				D295B17E289A5B4900C9EF76 /* Release */,
			);
			defaultConfigurationIsVisible = 0;
			defaultConfigurationName = Release;
		};
/* End XCConfigurationList section */
	};
	rootObject = D295B14A289A5B4800C9EF76 /* Project object */;
}
